
Microsoft Visual Studio Solution File, Format Version 12.00
# Visual Studio Version 17
VisualStudioVersion = 17.11.35222.181
MinimumVisualStudioVersion = 10.0.40219.1
Project("{FAE04EC0-301F-11D3-BF4B-00C04F79EFBC}") = "Demo.API", "Demo.API\Demo.API.csproj", "{55206E8B-AFFE-4092-B46F-EE835439F4B2}"
EndProject
Project("{FAE04EC0-301F-11D3-BF4B-00C04F79EFBC}") = "Demo.Core", "Demo.Core\Demo.Core.csproj", "{AAC1863B-718C-4233-9586-230B8661F4B0}"
EndProject
Project("{FAE04EC0-301F-11D3-BF4B-00C04F79EFBC}") = "Demo.Application", "Demo.Application\Demo.Application.csproj", "{549609F0-86DE-4265-A498-13C410B037D5}"
EndProject
Project("{FAE04EC0-301F-11D3-BF4B-00C04F79EFBC}") = "Demo.Infrastructure", "Demo.Infrastructure\Demo.Infrastructure.csproj", "{6069C386-EA37-4C58-87FC-1F06FCAA3415}"
EndProject
Global
	GlobalSection(SolutionConfigurationPlatforms) = preSolution
		Debug|Any CPU = Debug|Any CPU
		Release|Any CPU = Release|Any CPU
	EndGlobalSection
	GlobalSection(ProjectConfigurationPlatforms) = postSolution
		{55206E8B-AFFE-4092-B46F-EE835439F4B2}.Debug|Any CPU.ActiveCfg = Debug|Any CPU
		{55206E8B-AFFE-4092-B46F-EE835439F4B2}.Debug|Any CPU.Build.0 = Debug|Any CPU
		{55206E8B-AFFE-4092-B46F-EE835439F4B2}.Release|Any CPU.ActiveCfg = Release|Any CPU
		{55206E8B-AFFE-4092-B46F-EE835439F4B2}.Release|Any CPU.Build.0 = Release|Any CPU
		{AAC1863B-718C-4233-9586-230B8661F4B0}.Debug|Any CPU.ActiveCfg = Debug|Any CPU
		{AAC1863B-718C-4233-9586-230B8661F4B0}.Debug|Any CPU.Build.0 = Debug|Any CPU
		{AAC1863B-718C-4233-9586-230B8661F4B0}.Release|Any CPU.ActiveCfg = Release|Any CPU
		{AAC1863B-718C-4233-9586-230B8661F4B0}.Release|Any CPU.Build.0 = Release|Any CPU
		{549609F0-86DE-4265-A498-13C410B037D5}.Debug|Any CPU.ActiveCfg = Debug|Any CPU
		{549609F0-86DE-4265-A498-13C410B037D5}.Debug|Any CPU.Build.0 = Debug|Any CPU
		{549609F0-86DE-4265-A498-13C410B037D5}.Release|Any CPU.ActiveCfg = Release|Any CPU
		{549609F0-86DE-4265-A498-13C410B037D5}.Release|Any CPU.Build.0 = Release|Any CPU
		{6069C386-EA37-4C58-87FC-1F06FCAA3415}.Debug|Any CPU.ActiveCfg = Debug|Any CPU
		{6069C386-EA37-4C58-87FC-1F06FCAA3415}.Debug|Any CPU.Build.0 = Debug|Any CPU
		{6069C386-EA37-4C58-87FC-1F06FCAA3415}.Release|Any CPU.ActiveCfg = Release|Any CPU
		{6069C386-EA37-4C58-87FC-1F06FCAA3415}.Release|Any CPU.Build.0 = Release|Any CPU
	EndGlobalSection
	GlobalSection(SolutionProperties) = preSolution
		HideSolutionNode = FALSE
	EndGlobalSection
	GlobalSection(ExtensibilityGlobals) = postSolution
		SolutionGuid = {018B6DD5-492C-4C44-BA9E-DABBCDF74990}
	EndGlobalSection
EndGlobal
