
Microsoft Visual Studio Solution File, Format Version 12.00
# Visual Studio Version 17
VisualStudioVersion = 17.11.35222.181
MinimumVisualStudioVersion = 10.0.40219.1
Project("{E53339B2-1760-4266-BCC7-CA923CBCF16C}") = "docker-compose", "docker-compose.dcproj", "{8501D50F-4F84-4907-90CF-8F7267F31E4A}"
EndProject
Project("{9A19103F-16F7-4668-BE54-9A1E7A4F7556}") = "JwtAuth.API", "JwtAuth.API\JwtAuth.API.csproj", "{B85AF075-9A67-494A-9351-532FAE39962F}"
EndProject
Project("{9A19103F-16F7-4668-BE54-9A1E7A4F7556}") = "JwtAuth.Application", "JwtAuth.Application\JwtAuth.Application.csproj", "{D4CC71E1-55AA-473D-B432-941BB3F91568}"
EndProject
Project("{9A19103F-16F7-4668-BE54-9A1E7A4F7556}") = "JwtAuth.Core", "JwtAuth.Core\JwtAuth.Core.csproj", "{47378346-5D78-41A5-B642-6B9CCBFAB61F}"
EndProject
Project("{9A19103F-16F7-4668-BE54-9A1E7A4F7556}") = "JwtAuth.Infrastructure", "JwtAuth.Infrastructure\JwtAuth.Infrastructure.csproj", "{50D78FD4-FE58-4C25-90DF-C55841FACCC1}"
EndProject
Global
	GlobalSection(SolutionConfigurationPlatforms) = preSolution
		Debug|Any CPU = Debug|Any CPU
		Release|Any CPU = Release|Any CPU
	EndGlobalSection
	GlobalSection(ProjectConfigurationPlatforms) = postSolution
		{8501D50F-4F84-4907-90CF-8F7267F31E4A}.Debug|Any CPU.ActiveCfg = Debug|Any CPU
		{8501D50F-4F84-4907-90CF-8F7267F31E4A}.Debug|Any CPU.Build.0 = Debug|Any CPU
		{8501D50F-4F84-4907-90CF-8F7267F31E4A}.Release|Any CPU.ActiveCfg = Release|Any CPU
		{8501D50F-4F84-4907-90CF-8F7267F31E4A}.Release|Any CPU.Build.0 = Release|Any CPU
		{B85AF075-9A67-494A-9351-532FAE39962F}.Debug|Any CPU.ActiveCfg = Debug|Any CPU
		{B85AF075-9A67-494A-9351-532FAE39962F}.Debug|Any CPU.Build.0 = Debug|Any CPU
		{B85AF075-9A67-494A-9351-532FAE39962F}.Release|Any CPU.ActiveCfg = Release|Any CPU
		{B85AF075-9A67-494A-9351-532FAE39962F}.Release|Any CPU.Build.0 = Release|Any CPU
		{D4CC71E1-55AA-473D-B432-941BB3F91568}.Debug|Any CPU.ActiveCfg = Debug|Any CPU
		{D4CC71E1-55AA-473D-B432-941BB3F91568}.Debug|Any CPU.Build.0 = Debug|Any CPU
		{D4CC71E1-55AA-473D-B432-941BB3F91568}.Release|Any CPU.ActiveCfg = Release|Any CPU
		{D4CC71E1-55AA-473D-B432-941BB3F91568}.Release|Any CPU.Build.0 = Release|Any CPU
		{47378346-5D78-41A5-B642-6B9CCBFAB61F}.Debug|Any CPU.ActiveCfg = Debug|Any CPU
		{47378346-5D78-41A5-B642-6B9CCBFAB61F}.Debug|Any CPU.Build.0 = Debug|Any CPU
		{47378346-5D78-41A5-B642-6B9CCBFAB61F}.Release|Any CPU.ActiveCfg = Release|Any CPU
		{47378346-5D78-41A5-B642-6B9CCBFAB61F}.Release|Any CPU.Build.0 = Release|Any CPU
		{50D78FD4-FE58-4C25-90DF-C55841FACCC1}.Debug|Any CPU.ActiveCfg = Debug|Any CPU
		{50D78FD4-FE58-4C25-90DF-C55841FACCC1}.Debug|Any CPU.Build.0 = Debug|Any CPU
		{50D78FD4-FE58-4C25-90DF-C55841FACCC1}.Release|Any CPU.ActiveCfg = Release|Any CPU
		{50D78FD4-FE58-4C25-90DF-C55841FACCC1}.Release|Any CPU.Build.0 = Release|Any CPU
	EndGlobalSection
	GlobalSection(SolutionProperties) = preSolution
		HideSolutionNode = FALSE
	EndGlobalSection
	GlobalSection(ExtensibilityGlobals) = postSolution
		SolutionGuid = {018B6DD5-492C-4C44-BA9E-DABBCDF74990}
	EndGlobalSection
EndGlobal
